
Microsoft Visual Studio Solution File, Format Version 12.00
# Visual Studio Version 16
VisualStudioVersion = 16.0.31515.178
MinimumVisualStudioVersion = 10.0.40219.1
Project("{2150E333-8FDC-42A3-9474-1A3956D46DE8}") = "01.Clients", "01.Clients", "{87D44F8B-7E45-4199-B739-A7A4D9BC9DE1}"
EndProject
Project("{2150E333-8FDC-42A3-9474-1A3956D46DE8}") = "02.Api.Gateways", "02.Api.Gateways", "{83DCEC44-429B-408A-A2A6-BD1E1C9D8743}"
EndProject
Project("{2150E333-8FDC-42A3-9474-1A3956D46DE8}") = "03.Services", "03.Services", "{9B018AF6-CA63-4003-A3A2-DCBE44A0C1AD}"
EndProject
Project("{2150E333-8FDC-42A3-9474-1A3956D46DE8}") = "01.Identity", "01.Identity", "{8CE6B16B-A431-42C3-9737-DC2217411EDA}"
EndProject
Project("{2150E333-8FDC-42A3-9474-1A3956D46DE8}") = "02.Catalog", "02.Catalog", "{F6A1CA86-B083-4ECF-BAAF-99551F1EE272}"
EndProject
Project("{2150E333-8FDC-42A3-9474-1A3956D46DE8}") = "03.Customer", "03.Customer", "{3D56BDBB-2CBC-4C2B-BABA-2A8D30E560DC}"
EndProject
Project("{2150E333-8FDC-42A3-9474-1A3956D46DE8}") = "04.Order", "04.Order", "{C5C53FD0-C811-4DCF-BFEB-F096EDACD38B}"
EndProject
Project("{9A19103F-16F7-4668-BE54-9A1E7A4F7556}") = "Catalog.Api", "src\Services\Catalog\Catalog.Api\Catalog.Api.csproj", "{0A1341C4-4DBA-4A40-81CB-72DA6DB81D73}"
EndProject
Project("{2150E333-8FDC-42A3-9474-1A3956D46DE8}") = "01.Api", "01.Api", "{C2EA53A2-CB8D-4A8B-A09F-C2AF69D3F718}"
EndProject
Project("{2150E333-8FDC-42A3-9474-1A3956D46DE8}") = "02.Services", "02.Services", "{FA828699-FF26-45A5-81FC-018D5492B63A}"
EndProject
Project("{2150E333-8FDC-42A3-9474-1A3956D46DE8}") = "03.Persistence", "03.Persistence", "{BEF73244-D0D5-496F-9308-543B726A5A1B}"
EndProject
Project("{2150E333-8FDC-42A3-9474-1A3956D46DE8}") = "04.Models", "04.Models", "{33E09DA7-41A9-47CF-B2DC-AE35AA3A1011}"
EndProject
Project("{FAE04EC0-301F-11D3-BF4B-00C04F79EFBC}") = "CatalogDomain", "src\Services\Catalog\CatalogDomain\CatalogDomain.csproj", "{E7EB8527-B723-479F-884D-71C207DBB65D}"
EndProject
Project("{FAE04EC0-301F-11D3-BF4B-00C04F79EFBC}") = "Catalog.Persistence.Databese", "src\Services\Catalog\Catalog.Persistence.Databese\Catalog.Persistence.Databese.csproj", "{A2D8468D-F586-4276-AD38-762EE047EBEE}"
EndProject
Global
	GlobalSection(SolutionConfigurationPlatforms) = preSolution
		Debug|Any CPU = Debug|Any CPU
		Release|Any CPU = Release|Any CPU
	EndGlobalSection
	GlobalSection(ProjectConfigurationPlatforms) = postSolution
		{0A1341C4-4DBA-4A40-81CB-72DA6DB81D73}.Debug|Any CPU.ActiveCfg = Debug|Any CPU
		{0A1341C4-4DBA-4A40-81CB-72DA6DB81D73}.Debug|Any CPU.Build.0 = Debug|Any CPU
		{0A1341C4-4DBA-4A40-81CB-72DA6DB81D73}.Release|Any CPU.ActiveCfg = Release|Any CPU
		{0A1341C4-4DBA-4A40-81CB-72DA6DB81D73}.Release|Any CPU.Build.0 = Release|Any CPU
		{E7EB8527-B723-479F-884D-71C207DBB65D}.Debug|Any CPU.ActiveCfg = Debug|Any CPU
		{E7EB8527-B723-479F-884D-71C207DBB65D}.Debug|Any CPU.Build.0 = Debug|Any CPU
		{E7EB8527-B723-479F-884D-71C207DBB65D}.Release|Any CPU.ActiveCfg = Release|Any CPU
		{E7EB8527-B723-479F-884D-71C207DBB65D}.Release|Any CPU.Build.0 = Release|Any CPU
		{A2D8468D-F586-4276-AD38-762EE047EBEE}.Debug|Any CPU.ActiveCfg = Debug|Any CPU
		{A2D8468D-F586-4276-AD38-762EE047EBEE}.Debug|Any CPU.Build.0 = Debug|Any CPU
		{A2D8468D-F586-4276-AD38-762EE047EBEE}.Release|Any CPU.ActiveCfg = Release|Any CPU
		{A2D8468D-F586-4276-AD38-762EE047EBEE}.Release|Any CPU.Build.0 = Release|Any CPU
	EndGlobalSection
	GlobalSection(SolutionProperties) = preSolution
		HideSolutionNode = FALSE
	EndGlobalSection
	GlobalSection(NestedProjects) = preSolution
		{8CE6B16B-A431-42C3-9737-DC2217411EDA} = {9B018AF6-CA63-4003-A3A2-DCBE44A0C1AD}
		{F6A1CA86-B083-4ECF-BAAF-99551F1EE272} = {9B018AF6-CA63-4003-A3A2-DCBE44A0C1AD}
		{3D56BDBB-2CBC-4C2B-BABA-2A8D30E560DC} = {9B018AF6-CA63-4003-A3A2-DCBE44A0C1AD}
		{C5C53FD0-C811-4DCF-BFEB-F096EDACD38B} = {9B018AF6-CA63-4003-A3A2-DCBE44A0C1AD}
		{0A1341C4-4DBA-4A40-81CB-72DA6DB81D73} = {C2EA53A2-CB8D-4A8B-A09F-C2AF69D3F718}
		{C2EA53A2-CB8D-4A8B-A09F-C2AF69D3F718} = {F6A1CA86-B083-4ECF-BAAF-99551F1EE272}
		{FA828699-FF26-45A5-81FC-018D5492B63A} = {F6A1CA86-B083-4ECF-BAAF-99551F1EE272}
		{BEF73244-D0D5-496F-9308-543B726A5A1B} = {F6A1CA86-B083-4ECF-BAAF-99551F1EE272}
		{33E09DA7-41A9-47CF-B2DC-AE35AA3A1011} = {F6A1CA86-B083-4ECF-BAAF-99551F1EE272}
		{E7EB8527-B723-479F-884D-71C207DBB65D} = {33E09DA7-41A9-47CF-B2DC-AE35AA3A1011}
		{A2D8468D-F586-4276-AD38-762EE047EBEE} = {BEF73244-D0D5-496F-9308-543B726A5A1B}
	EndGlobalSection
	GlobalSection(ExtensibilityGlobals) = postSolution
		SolutionGuid = {A9164C57-8648-47D5-B58D-90D53A2471FC}
	EndGlobalSection
EndGlobal
