
Microsoft Visual Studio Solution File, Format Version 12.00
# Visual Studio Version 16
VisualStudioVersion = 16.0.31515.178
MinimumVisualStudioVersion = 10.0.40219.1
Project("{2150E333-8FDC-42A3-9474-1A3956D46DE8}") = "01.Clients", "01.Clients", "{87D44F8B-7E45-4199-B739-A7A4D9BC9DE1}"
EndProject
Project("{2150E333-8FDC-42A3-9474-1A3956D46DE8}") = "02.Api.Gateways", "02.Api.Gateways", "{83DCEC44-429B-408A-A2A6-BD1E1C9D8743}"
EndProject
Project("{2150E333-8FDC-42A3-9474-1A3956D46DE8}") = "03.Services", "03.Services", "{9B018AF6-CA63-4003-A3A2-DCBE44A0C1AD}"
EndProject
Project("{2150E333-8FDC-42A3-9474-1A3956D46DE8}") = "01.Identity", "01.Identity", "{8CE6B16B-A431-42C3-9737-DC2217411EDA}"
EndProject
Project("{2150E333-8FDC-42A3-9474-1A3956D46DE8}") = "02.Catalog", "02.Catalog", "{F6A1CA86-B083-4ECF-BAAF-99551F1EE272}"
EndProject
Project("{2150E333-8FDC-42A3-9474-1A3956D46DE8}") = "03.Customer", "03.Customer", "{3D56BDBB-2CBC-4C2B-BABA-2A8D30E560DC}"
EndProject
Project("{2150E333-8FDC-42A3-9474-1A3956D46DE8}") = "04.Order", "04.Order", "{C5C53FD0-C811-4DCF-BFEB-F096EDACD38B}"
EndProject
Project("{9A19103F-16F7-4668-BE54-9A1E7A4F7556}") = "Catalog.Api", "src\Services\Catalog\Catalog.Api\Catalog.Api.csproj", "{0A1341C4-4DBA-4A40-81CB-72DA6DB81D73}"
EndProject
Project("{2150E333-8FDC-42A3-9474-1A3956D46DE8}") = "01.Api", "01.Api", "{C2EA53A2-CB8D-4A8B-A09F-C2AF69D3F718}"
EndProject
Project("{2150E333-8FDC-42A3-9474-1A3956D46DE8}") = "02.Services", "02.Services", "{FA828699-FF26-45A5-81FC-018D5492B63A}"
EndProject
Project("{2150E333-8FDC-42A3-9474-1A3956D46DE8}") = "03.Persistence", "03.Persistence", "{BEF73244-D0D5-496F-9308-543B726A5A1B}"
EndProject
Project("{2150E333-8FDC-42A3-9474-1A3956D46DE8}") = "04.Models", "04.Models", "{33E09DA7-41A9-47CF-B2DC-AE35AA3A1011}"
EndProject
Project("{9A19103F-16F7-4668-BE54-9A1E7A4F7556}") = "Catalog.Domain", "src\Services\Catalog\CatalogDomain\Catalog.Domain.csproj", "{E7EB8527-B723-479F-884D-71C207DBB65D}"
EndProject
Project("{9A19103F-16F7-4668-BE54-9A1E7A4F7556}") = "Catalog.Persistence.Databese", "src\Services\Catalog\Catalog.Persistence.Databese\Catalog.Persistence.Databese.csproj", "{A2D8468D-F586-4276-AD38-762EE047EBEE}"
EndProject
Project("{9A19103F-16F7-4668-BE54-9A1E7A4F7556}") = "Catalog.Service.Queries", "src\Services\Catalog\Catalog.Service.Queries\Catalog.Service.Queries.csproj", "{7D2F769D-E366-4A00-A3A2-B4AF9682E27A}"
EndProject
Project("{2150E333-8FDC-42A3-9474-1A3956D46DE8}") = "Common", "Common", "{7D709C37-6471-4F08-A3C8-FDD985EBE081}"
EndProject
Project("{9A19103F-16F7-4668-BE54-9A1E7A4F7556}") = "Service.Common.Collection", "src\Services\Common\Service.Common.Collection\Service.Common.Collection.csproj", "{8CEA4593-E028-4D17-A8AF-8DD4403AC4D2}"
EndProject
Project("{9A19103F-16F7-4668-BE54-9A1E7A4F7556}") = "Service.Common.Paging", "src\Services\Common\Service.Common.Paging\Service.Common.Paging.csproj", "{801AD07F-BD0C-4E2D-89D5-34069DBC98A3}"
EndProject
Project("{9A19103F-16F7-4668-BE54-9A1E7A4F7556}") = "Service.Common.Mapping", "src\Services\Common\Service.Common.Mapping\Service.Common.Mapping.csproj", "{D5ABA3AC-C62C-4263-B93A-EF538D2AC6B6}"
EndProject
Project("{9A19103F-16F7-4668-BE54-9A1E7A4F7556}") = "Catalog.Service.EventHandlers", "src\Services\Catalog\Catalog.Service.EventHandlers\Catalog.Service.EventHandlers.csproj", "{DDA3E25B-D1C7-4F76-955E-4C7C799EF1BD}"
EndProject
Project("{2150E333-8FDC-42A3-9474-1A3956D46DE8}") = "05.Common", "05.Common", "{F0B7FEE1-3408-407A-BE98-E45E70363002}"
EndProject
Project("{9A19103F-16F7-4668-BE54-9A1E7A4F7556}") = "Catalog.Common", "src\Services\Catalog\Catalog.Common\Catalog.Common.csproj", "{274CF48D-03D9-4EA7-A65A-DD69E167D0A0}"
EndProject
Project("{2150E333-8FDC-42A3-9474-1A3956D46DE8}") = "04. Common", "04. Common", "{BB96CB7C-B403-4069-A3DD-45C6254D25DC}"
EndProject
Project("{2150E333-8FDC-42A3-9474-1A3956D46DE8}") = "06.Testing", "06.Testing", "{6A7E50F3-AA51-46D3-A6C0-98DB7DC0ABF7}"
EndProject
Project("{9A19103F-16F7-4668-BE54-9A1E7A4F7556}") = "Catalog.Test", "src\Services\Catalog\Catalog.Test\Catalog.Test.csproj", "{CCD9A7CF-9153-4040-80B6-6D0224CD01B0}"
EndProject
Project("{9A19103F-16F7-4668-BE54-9A1E7A4F7556}") = "Common.Logging", "src\Common\Common.Logging\Common.Logging.csproj", "{8ACAA629-ADFE-4D1F-9135-9B871E36752C}"
EndProject
Global
	GlobalSection(SolutionConfigurationPlatforms) = preSolution
		Debug|Any CPU = Debug|Any CPU
		Release|Any CPU = Release|Any CPU
	EndGlobalSection
	GlobalSection(ProjectConfigurationPlatforms) = postSolution
		{0A1341C4-4DBA-4A40-81CB-72DA6DB81D73}.Debug|Any CPU.ActiveCfg = Debug|Any CPU
		{0A1341C4-4DBA-4A40-81CB-72DA6DB81D73}.Debug|Any CPU.Build.0 = Debug|Any CPU
		{0A1341C4-4DBA-4A40-81CB-72DA6DB81D73}.Release|Any CPU.ActiveCfg = Release|Any CPU
		{0A1341C4-4DBA-4A40-81CB-72DA6DB81D73}.Release|Any CPU.Build.0 = Release|Any CPU
		{E7EB8527-B723-479F-884D-71C207DBB65D}.Debug|Any CPU.ActiveCfg = Debug|Any CPU
		{E7EB8527-B723-479F-884D-71C207DBB65D}.Debug|Any CPU.Build.0 = Debug|Any CPU
		{E7EB8527-B723-479F-884D-71C207DBB65D}.Release|Any CPU.ActiveCfg = Release|Any CPU
		{E7EB8527-B723-479F-884D-71C207DBB65D}.Release|Any CPU.Build.0 = Release|Any CPU
		{A2D8468D-F586-4276-AD38-762EE047EBEE}.Debug|Any CPU.ActiveCfg = Debug|Any CPU
		{A2D8468D-F586-4276-AD38-762EE047EBEE}.Debug|Any CPU.Build.0 = Debug|Any CPU
		{A2D8468D-F586-4276-AD38-762EE047EBEE}.Release|Any CPU.ActiveCfg = Release|Any CPU
		{A2D8468D-F586-4276-AD38-762EE047EBEE}.Release|Any CPU.Build.0 = Release|Any CPU
		{7D2F769D-E366-4A00-A3A2-B4AF9682E27A}.Debug|Any CPU.ActiveCfg = Debug|Any CPU
		{7D2F769D-E366-4A00-A3A2-B4AF9682E27A}.Debug|Any CPU.Build.0 = Debug|Any CPU
		{7D2F769D-E366-4A00-A3A2-B4AF9682E27A}.Release|Any CPU.ActiveCfg = Release|Any CPU
		{7D2F769D-E366-4A00-A3A2-B4AF9682E27A}.Release|Any CPU.Build.0 = Release|Any CPU
		{8CEA4593-E028-4D17-A8AF-8DD4403AC4D2}.Debug|Any CPU.ActiveCfg = Debug|Any CPU
		{8CEA4593-E028-4D17-A8AF-8DD4403AC4D2}.Debug|Any CPU.Build.0 = Debug|Any CPU
		{8CEA4593-E028-4D17-A8AF-8DD4403AC4D2}.Release|Any CPU.ActiveCfg = Release|Any CPU
		{8CEA4593-E028-4D17-A8AF-8DD4403AC4D2}.Release|Any CPU.Build.0 = Release|Any CPU
		{801AD07F-BD0C-4E2D-89D5-34069DBC98A3}.Debug|Any CPU.ActiveCfg = Debug|Any CPU
		{801AD07F-BD0C-4E2D-89D5-34069DBC98A3}.Debug|Any CPU.Build.0 = Debug|Any CPU
		{801AD07F-BD0C-4E2D-89D5-34069DBC98A3}.Release|Any CPU.ActiveCfg = Release|Any CPU
		{801AD07F-BD0C-4E2D-89D5-34069DBC98A3}.Release|Any CPU.Build.0 = Release|Any CPU
		{D5ABA3AC-C62C-4263-B93A-EF538D2AC6B6}.Debug|Any CPU.ActiveCfg = Debug|Any CPU
		{D5ABA3AC-C62C-4263-B93A-EF538D2AC6B6}.Debug|Any CPU.Build.0 = Debug|Any CPU
		{D5ABA3AC-C62C-4263-B93A-EF538D2AC6B6}.Release|Any CPU.ActiveCfg = Release|Any CPU
		{D5ABA3AC-C62C-4263-B93A-EF538D2AC6B6}.Release|Any CPU.Build.0 = Release|Any CPU
		{DDA3E25B-D1C7-4F76-955E-4C7C799EF1BD}.Debug|Any CPU.ActiveCfg = Debug|Any CPU
		{DDA3E25B-D1C7-4F76-955E-4C7C799EF1BD}.Debug|Any CPU.Build.0 = Debug|Any CPU
		{DDA3E25B-D1C7-4F76-955E-4C7C799EF1BD}.Release|Any CPU.ActiveCfg = Release|Any CPU
		{DDA3E25B-D1C7-4F76-955E-4C7C799EF1BD}.Release|Any CPU.Build.0 = Release|Any CPU
		{274CF48D-03D9-4EA7-A65A-DD69E167D0A0}.Debug|Any CPU.ActiveCfg = Debug|Any CPU
		{274CF48D-03D9-4EA7-A65A-DD69E167D0A0}.Debug|Any CPU.Build.0 = Debug|Any CPU
		{274CF48D-03D9-4EA7-A65A-DD69E167D0A0}.Release|Any CPU.ActiveCfg = Release|Any CPU
		{274CF48D-03D9-4EA7-A65A-DD69E167D0A0}.Release|Any CPU.Build.0 = Release|Any CPU
		{CCD9A7CF-9153-4040-80B6-6D0224CD01B0}.Debug|Any CPU.ActiveCfg = Debug|Any CPU
		{CCD9A7CF-9153-4040-80B6-6D0224CD01B0}.Debug|Any CPU.Build.0 = Debug|Any CPU
		{CCD9A7CF-9153-4040-80B6-6D0224CD01B0}.Release|Any CPU.ActiveCfg = Release|Any CPU
		{CCD9A7CF-9153-4040-80B6-6D0224CD01B0}.Release|Any CPU.Build.0 = Release|Any CPU
		{8ACAA629-ADFE-4D1F-9135-9B871E36752C}.Debug|Any CPU.ActiveCfg = Debug|Any CPU
		{8ACAA629-ADFE-4D1F-9135-9B871E36752C}.Debug|Any CPU.Build.0 = Debug|Any CPU
		{8ACAA629-ADFE-4D1F-9135-9B871E36752C}.Release|Any CPU.ActiveCfg = Release|Any CPU
		{8ACAA629-ADFE-4D1F-9135-9B871E36752C}.Release|Any CPU.Build.0 = Release|Any CPU
	EndGlobalSection
	GlobalSection(SolutionProperties) = preSolution
		HideSolutionNode = FALSE
	EndGlobalSection
	GlobalSection(NestedProjects) = preSolution
		{8CE6B16B-A431-42C3-9737-DC2217411EDA} = {9B018AF6-CA63-4003-A3A2-DCBE44A0C1AD}
		{F6A1CA86-B083-4ECF-BAAF-99551F1EE272} = {9B018AF6-CA63-4003-A3A2-DCBE44A0C1AD}
		{3D56BDBB-2CBC-4C2B-BABA-2A8D30E560DC} = {9B018AF6-CA63-4003-A3A2-DCBE44A0C1AD}
		{C5C53FD0-C811-4DCF-BFEB-F096EDACD38B} = {9B018AF6-CA63-4003-A3A2-DCBE44A0C1AD}
		{0A1341C4-4DBA-4A40-81CB-72DA6DB81D73} = {C2EA53A2-CB8D-4A8B-A09F-C2AF69D3F718}
		{C2EA53A2-CB8D-4A8B-A09F-C2AF69D3F718} = {F6A1CA86-B083-4ECF-BAAF-99551F1EE272}
		{FA828699-FF26-45A5-81FC-018D5492B63A} = {F6A1CA86-B083-4ECF-BAAF-99551F1EE272}
		{BEF73244-D0D5-496F-9308-543B726A5A1B} = {F6A1CA86-B083-4ECF-BAAF-99551F1EE272}
		{33E09DA7-41A9-47CF-B2DC-AE35AA3A1011} = {F6A1CA86-B083-4ECF-BAAF-99551F1EE272}
		{E7EB8527-B723-479F-884D-71C207DBB65D} = {33E09DA7-41A9-47CF-B2DC-AE35AA3A1011}
		{A2D8468D-F586-4276-AD38-762EE047EBEE} = {BEF73244-D0D5-496F-9308-543B726A5A1B}
		{7D2F769D-E366-4A00-A3A2-B4AF9682E27A} = {FA828699-FF26-45A5-81FC-018D5492B63A}
		{7D709C37-6471-4F08-A3C8-FDD985EBE081} = {9B018AF6-CA63-4003-A3A2-DCBE44A0C1AD}
		{8CEA4593-E028-4D17-A8AF-8DD4403AC4D2} = {7D709C37-6471-4F08-A3C8-FDD985EBE081}
		{801AD07F-BD0C-4E2D-89D5-34069DBC98A3} = {7D709C37-6471-4F08-A3C8-FDD985EBE081}
		{D5ABA3AC-C62C-4263-B93A-EF538D2AC6B6} = {7D709C37-6471-4F08-A3C8-FDD985EBE081}
		{DDA3E25B-D1C7-4F76-955E-4C7C799EF1BD} = {FA828699-FF26-45A5-81FC-018D5492B63A}
		{F0B7FEE1-3408-407A-BE98-E45E70363002} = {F6A1CA86-B083-4ECF-BAAF-99551F1EE272}
		{274CF48D-03D9-4EA7-A65A-DD69E167D0A0} = {F0B7FEE1-3408-407A-BE98-E45E70363002}
		{6A7E50F3-AA51-46D3-A6C0-98DB7DC0ABF7} = {F6A1CA86-B083-4ECF-BAAF-99551F1EE272}
		{CCD9A7CF-9153-4040-80B6-6D0224CD01B0} = {6A7E50F3-AA51-46D3-A6C0-98DB7DC0ABF7}
		{8ACAA629-ADFE-4D1F-9135-9B871E36752C} = {BB96CB7C-B403-4069-A3DD-45C6254D25DC}
	EndGlobalSection
	GlobalSection(ExtensibilityGlobals) = postSolution
		SolutionGuid = {A9164C57-8648-47D5-B58D-90D53A2471FC}
	EndGlobalSection
EndGlobal
